// !$*UTF8*$!
{
	archiveVersion = 1;
	classes = {
	};
	objectVersion = 77;
	objects = {

/* Begin PBXContainerItemProxy section */
		EA4AA4982CEF024D00D5842E /* PBXContainerItemProxy */ = {
			isa = PBXContainerItemProxy;
			containerPortal = EA4AA47C2CEF024A00D5842E /* Project object */;
			proxyType = 1;
			remoteGlobalIDString = EA4AA4832CEF024A00D5842E;
			remoteInfo = "driver simu";
		};
		EA4AA4A22CEF024D00D5842E /* PBXContainerItemProxy */ = {
			isa = PBXContainerItemProxy;
			containerPortal = EA4AA47C2CEF024A00D5842E /* Project object */;
			proxyType = 1;
			remoteGlobalIDString = EA4AA4832CEF024A00D5842E;
			remoteInfo = "driver simu";
		};
/* End PBXContainerItemProxy section */

/* Begin PBXFileReference section */
		EA4AA4842CEF024A00D5842E /* driver simu.app */ = {isa = PBXFileReference; explicitFileType = wrapper.application; includeInIndex = 0; path = "driver simu.app"; sourceTree = BUILT_PRODUCTS_DIR; };
		EA4AA4972CEF024D00D5842E /* driver simuTests.xctest */ = {isa = PBXFileReference; explicitFileType = wrapper.cfbundle; includeInIndex = 0; path = "driver simuTests.xctest"; sourceTree = BUILT_PRODUCTS_DIR; };
		EA4AA4A12CEF024D00D5842E /* driver simuUITests.xctest */ = {isa = PBXFileReference; explicitFileType = wrapper.cfbundle; includeInIndex = 0; path = "driver simuUITests.xctest"; sourceTree = BUILT_PRODUCTS_DIR; };
/* End PBXFileReference section */

/* Begin PBXFileSystemSynchronizedRootGroup section */
		EA4AA4862CEF024A00D5842E /* driver simu */ = {
			isa = PBXFileSystemSynchronizedRootGroup;
			path = "driver simu";
			sourceTree = "<group>";
		};
		EA4AA49A2CEF024D00D5842E /* driver simuTests */ = {
			isa = PBXFileSystemSynchronizedRootGroup;
			path = "driver simuTests";
			sourceTree = "<group>";
		};
		EA4AA4A42CEF024D00D5842E /* driver simuUITests */ = {
			isa = PBXFileSystemSynchronizedRootGroup;
			path = "driver simuUITests";
			sourceTree = "<group>";
		};
/* End PBXFileSystemSynchronizedRootGroup section */

/* Begin PBXFrameworksBuildPhase section */
		EA4AA4812CEF024A00D5842E /* Frameworks */ = {
			isa = PBXFrameworksBuildPhase;
			buildActionMask = 2147483647;
			files = (
			);
			runOnlyForDeploymentPostprocessing = 0;
		};
		EA4AA4942CEF024D00D5842E /* Frameworks */ = {
			isa = PBXFrameworksBuildPhase;
			buildActionMask = 2147483647;
			files = (
			);
			runOnlyForDeploymentPostprocessing = 0;
		};
		EA4AA49E2CEF024D00D5842E /* Frameworks */ = {
			isa = PBXFrameworksBuildPhase;
			buildActionMask = 2147483647;
			files = (
			);
			runOnlyForDeploymentPostprocessing = 0;
		};
/* End PBXFrameworksBuildPhase section */

/* Begin PBXGroup section */
		EA4AA47B2CEF024A00D5842E = {
			isa = PBXGroup;
			children = (
				EA4AA4862CEF024A00D5842E /* driver simu */,
				EA4AA49A2CEF024D00D5842E /* driver simuTests */,
				EA4AA4A42CEF024D00D5842E /* driver simuUITests */,
				EA4AA4852CEF024A00D5842E /* Products */,
			);
			sourceTree = "<group>";
		};
		EA4AA4852CEF024A00D5842E /* Products */ = {
			isa = PBXGroup;
			children = (
				EA4AA4842CEF024A00D5842E /* driver simu.app */,
				EA4AA4972CEF024D00D5842E /* driver simuTests.xctest */,
				EA4AA4A12CEF024D00D5842E /* driver simuUITests.xctest */,
			);
			name = Products;
			sourceTree = "<group>";
		};
/* End PBXGroup section */

/* Begin PBXNativeTarget section */
		EA4AA4832CEF024A00D5842E /* driver simu */ = {
			isa = PBXNativeTarget;
			buildConfigurationList = EA4AA4AB2CEF024D00D5842E /* Build configuration list for PBXNativeTarget "driver simu" */;
			buildPhases = (
				EA4AA4802CEF024A00D5842E /* Sources */,
				EA4AA4812CEF024A00D5842E /* Frameworks */,
				EA4AA4822CEF024A00D5842E /* Resources */,
			);
			buildRules = (
			);
			dependencies = (
			);
			fileSystemSynchronizedGroups = (
				EA4AA4862CEF024A00D5842E /* driver simu */,
			);
			name = "driver simu";
			packageProductDependencies = (
			);
			productName = "driver simu";
			productReference = EA4AA4842CEF024A00D5842E /* driver simu.app */;
			productType = "com.apple.product-type.application";
		};
		EA4AA4962CEF024D00D5842E /* driver simuTests */ = {
			isa = PBXNativeTarget;
			buildConfigurationList = EA4AA4AE2CEF024D00D5842E /* Build configuration list for PBXNativeTarget "driver simuTests" */;
			buildPhases = (
				EA4AA4932CEF024D00D5842E /* Sources */,
				EA4AA4942CEF024D00D5842E /* Frameworks */,
				EA4AA4952CEF024D00D5842E /* Resources */,
			);
			buildRules = (
			);
			dependencies = (
				EA4AA4992CEF024D00D5842E /* PBXTargetDependency */,
			);
			fileSystemSynchronizedGroups = (
				EA4AA49A2CEF024D00D5842E /* driver simuTests */,
			);
			name = "driver simuTests";
			packageProductDependencies = (
			);
			productName = "driver simuTests";
			productReference = EA4AA4972CEF024D00D5842E /* driver simuTests.xctest */;
			productType = "com.apple.product-type.bundle.unit-test";
		};
		EA4AA4A02CEF024D00D5842E /* driver simuUITests */ = {
			isa = PBXNativeTarget;
			buildConfigurationList = EA4AA4B12CEF024D00D5842E /* Build configuration list for PBXNativeTarget "driver simuUITests" */;
			buildPhases = (
				EA4AA49D2CEF024D00D5842E /* Sources */,
				EA4AA49E2CEF024D00D5842E /* Frameworks */,
				EA4AA49F2CEF024D00D5842E /* Resources */,
			);
			buildRules = (
			);
			dependencies = (
				EA4AA4A32CEF024D00D5842E /* PBXTargetDependency */,
			);
			fileSystemSynchronizedGroups = (
				EA4AA4A42CEF024D00D5842E /* driver simuUITests */,
			);
			name = "driver simuUITests";
			packageProductDependencies = (
			);
			productName = "driver simuUITests";
			productReference = EA4AA4A12CEF024D00D5842E /* driver simuUITests.xctest */;
			productType = "com.apple.product-type.bundle.ui-testing";
		};
/* End PBXNativeTarget section */

/* Begin PBXProject section */
		EA4AA47C2CEF024A00D5842E /* Project object */ = {
			isa = PBXProject;
			attributes = {
				BuildIndependentTargetsInParallel = 1;
				LastSwiftUpdateCheck = 1610;
				LastUpgradeCheck = 1610;
				TargetAttributes = {
					EA4AA4832CEF024A00D5842E = {
						CreatedOnToolsVersion = 16.1;
					};
					EA4AA4962CEF024D00D5842E = {
						CreatedOnToolsVersion = 16.1;
						TestTargetID = EA4AA4832CEF024A00D5842E;
					};
					EA4AA4A02CEF024D00D5842E = {
						CreatedOnToolsVersion = 16.1;
						TestTargetID = EA4AA4832CEF024A00D5842E;
					};
				};
			};
			buildConfigurationList = EA4AA47F2CEF024A00D5842E /* Build configuration list for PBXProject "driver simu" */;
			developmentRegion = en;
			hasScannedForEncodings = 0;
			knownRegions = (
				en,
				Base,
			);
			mainGroup = EA4AA47B2CEF024A00D5842E;
			minimizedProjectReferenceProxies = 1;
			preferredProjectObjectVersion = 77;
			productRefGroup = EA4AA4852CEF024A00D5842E /* Products */;
			projectDirPath = "";
			projectRoot = "";
			targets = (
				EA4AA4832CEF024A00D5842E /* driver simu */,
				EA4AA4962CEF024D00D5842E /* driver simuTests */,
				EA4AA4A02CEF024D00D5842E /* driver simuUITests */,
			);
		};
/* End PBXProject section */

/* Begin PBXResourcesBuildPhase section */
		EA4AA4822CEF024A00D5842E /* Resources */ = {
			isa = PBXResourcesBuildPhase;
			buildActionMask = 2147483647;
			files = (
			);
			runOnlyForDeploymentPostprocessing = 0;
		};
		EA4AA4952CEF024D00D5842E /* Resources */ = {
			isa = PBXResourcesBuildPhase;
			buildActionMask = 2147483647;
			files = (
			);
			runOnlyForDeploymentPostprocessing = 0;
		};
		EA4AA49F2CEF024D00D5842E /* Resources */ = {
			isa = PBXResourcesBuildPhase;
			buildActionMask = 2147483647;
			files = (
			);
			runOnlyForDeploymentPostprocessing = 0;
		};
/* End PBXResourcesBuildPhase section */

/* Begin PBXSourcesBuildPhase section */
		EA4AA4802CEF024A00D5842E /* Sources */ = {
			isa = PBXSourcesBuildPhase;
			buildActionMask = 2147483647;
			files = (
			);
			runOnlyForDeploymentPostprocessing = 0;
		};
		EA4AA4932CEF024D00D5842E /* Sources */ = {
			isa = PBXSourcesBuildPhase;
			buildActionMask = 2147483647;
			files = (
			);
			runOnlyForDeploymentPostprocessing = 0;
		};
		EA4AA49D2CEF024D00D5842E /* Sources */ = {
			isa = PBXSourcesBuildPhase;
			buildActionMask = 2147483647;
			files = (
			);
			runOnlyForDeploymentPostprocessing = 0;
		};
/* End PBXSourcesBuildPhase section */

/* Begin PBXTargetDependency section */
		EA4AA4992CEF024D00D5842E /* PBXTargetDependency */ = {
			isa = PBXTargetDependency;
			target = EA4AA4832CEF024A00D5842E /* driver simu */;
			targetProxy = EA4AA4982CEF024D00D5842E /* PBXContainerItemProxy */;
		};
		EA4AA4A32CEF024D00D5842E /* PBXTargetDependency */ = {
			isa = PBXTargetDependency;
			target = EA4AA4832CEF024A00D5842E /* driver simu */;
			targetProxy = EA4AA4A22CEF024D00D5842E /* PBXContainerItemProxy */;
		};
/* End PBXTargetDependency section */

/* Begin XCBuildConfiguration section */
		EA4AA4A92CEF024D00D5842E /* Debug */ = {
			isa = XCBuildConfiguration;
			buildSettings = {
				ALWAYS_SEARCH_USER_PATHS = NO;
				ASSETCATALOG_COMPILER_GENERATE_SWIFT_ASSET_SYMBOL_EXTENSIONS = YES;
				CLANG_ANALYZER_NONNULL = YES;
				CLANG_ANALYZER_NUMBER_OBJECT_CONVERSION = YES_AGGRESSIVE;
				CLANG_CXX_LANGUAGE_STANDARD = "gnu++20";
				CLANG_ENABLE_MODULES = YES;
				CLANG_ENABLE_OBJC_ARC = YES;
				CLANG_ENABLE_OBJC_WEAK = YES;
				CLANG_WARN_BLOCK_CAPTURE_AUTORELEASING = YES;
				CLANG_WARN_BOOL_CONVERSION = YES;
				CLANG_WARN_COMMA = YES;
				CLANG_WARN_CONSTANT_CONVERSION = YES;
				CLANG_WARN_DEPRECATED_OBJC_IMPLEMENTATIONS = YES;
				CLANG_WARN_DIRECT_OBJC_ISA_USAGE = YES_ERROR;
				CLANG_WARN_DOCUMENTATION_COMMENTS = YES;
				CLANG_WARN_EMPTY_BODY = YES;
				CLANG_WARN_ENUM_CONVERSION = YES;
				CLANG_WARN_INFINITE_RECURSION = YES;
				CLANG_WARN_INT_CONVERSION = YES;
				CLANG_WARN_NON_LITERAL_NULL_CONVERSION = YES;
				CLANG_WARN_OBJC_IMPLICIT_RETAIN_SELF = YES;
				CLANG_WARN_OBJC_LITERAL_CONVERSION = YES;
				CLANG_WARN_OBJC_ROOT_CLASS = YES_ERROR;
				CLANG_WARN_QUOTED_INCLUDE_IN_FRAMEWORK_HEADER = YES;
				CLANG_WARN_RANGE_LOOP_ANALYSIS = YES;
				CLANG_WARN_STRICT_PROTOTYPES = YES;
				CLANG_WARN_SUSPICIOUS_MOVE = YES;
				CLANG_WARN_UNGUARDED_AVAILABILITY = YES_AGGRESSIVE;
				CLANG_WARN_UNREACHABLE_CODE = YES;
				CLANG_WARN__DUPLICATE_METHOD_MATCH = YES;
				COPY_PHASE_STRIP = NO;
				DEBUG_INFORMATION_FORMAT = dwarf;
				ENABLE_STRICT_OBJC_MSGSEND = YES;
				ENABLE_TESTABILITY = YES;
				ENABLE_USER_SCRIPT_SANDBOXING = YES;
				GCC_C_LANGUAGE_STANDARD = gnu17;
				GCC_DYNAMIC_NO_PIC = NO;
				GCC_NO_COMMON_BLOCKS = YES;
				GCC_OPTIMIZATION_LEVEL = 0;
				GCC_PREPROCESSOR_DEFINITIONS = (
					"DEBUG=1",
					"$(inherited)",
				);
				GCC_WARN_64_TO_32_BIT_CONVERSION = YES;
				GCC_WARN_ABOUT_RETURN_TYPE = YES_ERROR;
				GCC_WARN_UNDECLARED_SELECTOR = YES;
				GCC_WARN_UNINITIALIZED_AUTOS = YES_AGGRESSIVE;
				GCC_WARN_UNUSED_FUNCTION = YES;
				GCC_WARN_UNUSED_VARIABLE = YES;
				LOCALIZATION_PREFERS_STRING_CATALOGS = YES;
				MACOSX_DEPLOYMENT_TARGET = 15.1;
				MTL_ENABLE_DEBUG_INFO = INCLUDE_SOURCE;
				MTL_FAST_MATH = YES;
				ONLY_ACTIVE_ARCH = YES;
				SDKROOT = macosx;
				SWIFT_ACTIVE_COMPILATION_CONDITIONS = "DEBUG $(inherited)";
				SWIFT_OPTIMIZATION_LEVEL = "-Onone";
			};
			name = Debug;
		};
		EA4AA4AA2CEF024D00D5842E /* Release */ = {
			isa = XCBuildConfiguration;
			buildSettings = {
				ALWAYS_SEARCH_USER_PATHS = NO;
				ASSETCATALOG_COMPILER_GENERATE_SWIFT_ASSET_SYMBOL_EXTENSIONS = YES;
				CLANG_ANALYZER_NONNULL = YES;
				CLANG_ANALYZER_NUMBER_OBJECT_CONVERSION = YES_AGGRESSIVE;
				CLANG_CXX_LANGUAGE_STANDARD = "gnu++20";
				CLANG_ENABLE_MODULES = YES;
				CLANG_ENABLE_OBJC_ARC = YES;
				CLANG_ENABLE_OBJC_WEAK = YES;
				CLANG_WARN_BLOCK_CAPTURE_AUTORELEASING = YES;
				CLANG_WARN_BOOL_CONVERSION = YES;
				CLANG_WARN_COMMA = YES;
				CLANG_WARN_CONSTANT_CONVERSION = YES;
				CLANG_WARN_DEPRECATED_OBJC_IMPLEMENTATIONS = YES;
				CLANG_WARN_DIRECT_OBJC_ISA_USAGE = YES_ERROR;
				CLANG_WARN_DOCUMENTATION_COMMENTS = YES;
				CLANG_WARN_EMPTY_BODY = YES;
				CLANG_WARN_ENUM_CONVERSION = YES;
				CLANG_WARN_INFINITE_RECURSION = YES;
				CLANG_WARN_INT_CONVERSION = YES;
				CLANG_WARN_NON_LITERAL_NULL_CONVERSION = YES;
				CLANG_WARN_OBJC_IMPLICIT_RETAIN_SELF = YES;
				CLANG_WARN_OBJC_LITERAL_CONVERSION = YES;
				CLANG_WARN_OBJC_ROOT_CLASS = YES_ERROR;
				CLANG_WARN_QUOTED_INCLUDE_IN_FRAMEWORK_HEADER = YES;
				CLANG_WARN_RANGE_LOOP_ANALYSIS = YES;
				CLANG_WARN_STRICT_PROTOTYPES = YES;
				CLANG_WARN_SUSPICIOUS_MOVE = YES;
				CLANG_WARN_UNGUARDED_AVAILABILITY = YES_AGGRESSIVE;
				CLANG_WARN_UNREACHABLE_CODE = YES;
				CLANG_WARN__DUPLICATE_METHOD_MATCH = YES;
				COPY_PHASE_STRIP = NO;
				DEBUG_INFORMATION_FORMAT = "dwarf-with-dsym";
				ENABLE_NS_ASSERTIONS = NO;
				ENABLE_STRICT_OBJC_MSGSEND = YES;
				ENABLE_USER_SCRIPT_SANDBOXING = YES;
				GCC_C_LANGUAGE_STANDARD = gnu17;
				GCC_NO_COMMON_BLOCKS = YES;
				GCC_WARN_64_TO_32_BIT_CONVERSION = YES;
				GCC_WARN_ABOUT_RETURN_TYPE = YES_ERROR;
				GCC_WARN_UNDECLARED_SELECTOR = YES;
				GCC_WARN_UNINITIALIZED_AUTOS = YES_AGGRESSIVE;
				GCC_WARN_UNUSED_FUNCTION = YES;
				GCC_WARN_UNUSED_VARIABLE = YES;
				LOCALIZATION_PREFERS_STRING_CATALOGS = YES;
				MACOSX_DEPLOYMENT_TARGET = 15.1;
				MTL_ENABLE_DEBUG_INFO = NO;
				MTL_FAST_MATH = YES;
				SDKROOT = macosx;
				SWIFT_COMPILATION_MODE = wholemodule;
			};
			name = Release;
		};
		EA4AA4AC2CEF024D00D5842E /* Debug */ = {
			isa = XCBuildConfiguration;
			buildSettings = {
				ASSETCATALOG_COMPILER_APPICON_NAME = AppIcon;
				ASSETCATALOG_COMPILER_GLOBAL_ACCENT_COLOR_NAME = AccentColor;
				CODE_SIGN_ENTITLEMENTS = "driver simu/driver_simu.entitlements";
				CODE_SIGN_STYLE = Automatic;
				COMBINE_HIDPI_IMAGES = YES;
				CURRENT_PROJECT_VERSION = 1;
				GENERATE_INFOPLIST_FILE = YES;
				INFOPLIST_KEY_NSHumanReadableCopyright = "";
				INFOPLIST_KEY_NSMainStoryboardFile = Main;
				INFOPLIST_KEY_NSPrincipalClass = NSApplication;
				LD_RUNPATH_SEARCH_PATHS = (
					"$(inherited)",
					"@executable_path/../Frameworks",
				);
				MARKETING_VERSION = 1.0;
				PRODUCT_BUNDLE_IDENTIFIER = "Drunkdriver.driver-simu";
				PRODUCT_NAME = "$(TARGET_NAME)";
				SWIFT_EMIT_LOC_STRINGS = YES;
				SWIFT_VERSION = 5.0;
			};
			name = Debug;
		};
		EA4AA4AD2CEF024D00D5842E /* Release */ = {
			isa = XCBuildConfiguration;
			buildSettings = {
				ASSETCATALOG_COMPILER_APPICON_NAME = AppIcon;
				ASSETCATALOG_COMPILER_GLOBAL_ACCENT_COLOR_NAME = AccentColor;
				CODE_SIGN_ENTITLEMENTS = "driver simu/driver_simu.entitlements";
				CODE_SIGN_STYLE = Automatic;
				COMBINE_HIDPI_IMAGES = YES;
				CURRENT_PROJECT_VERSION = 1;
				GENERATE_INFOPLIST_FILE = YES;
				INFOPLIST_KEY_NSHumanReadableCopyright = "";
				INFOPLIST_KEY_NSMainStoryboardFile = Main;
				INFOPLIST_KEY_NSPrincipalClass = NSApplication;
				LD_RUNPATH_SEARCH_PATHS = (
					"$(inherited)",
					"@executable_path/../Frameworks",
				);
				MARKETING_VERSION = 1.0;
				PRODUCT_BUNDLE_IDENTIFIER = "Drunkdriver.driver-simu";
				PRODUCT_NAME = "$(TARGET_NAME)";
				SWIFT_EMIT_LOC_STRINGS = YES;
				SWIFT_VERSION = 5.0;
			};
			name = Release;
		};
		EA4AA4AF2CEF024D00D5842E /* Debug */ = {
			isa = XCBuildConfiguration;
			buildSettings = {
				BUNDLE_LOADER = "$(TEST_HOST)";
				CODE_SIGN_STYLE = Automatic;
				CURRENT_PROJECT_VERSION = 1;
				GENERATE_INFOPLIST_FILE = YES;
				MACOSX_DEPLOYMENT_TARGET = 15.1;
				MARKETING_VERSION = 1.0;
				PRODUCT_BUNDLE_IDENTIFIER = "Drunkdriver.driver-simuTests";
				PRODUCT_NAME = "$(TARGET_NAME)";
				SWIFT_EMIT_LOC_STRINGS = NO;
				SWIFT_VERSION = 5.0;
				TEST_HOST = "$(BUILT_PRODUCTS_DIR)/driver simu.app/$(BUNDLE_EXECUTABLE_FOLDER_PATH)/driver simu";
			};
			name = Debug;
		};
		EA4AA4B02CEF024D00D5842E /* Release */ = {
			isa = XCBuildConfiguration;
			buildSettings = {
				BUNDLE_LOADER = "$(TEST_HOST)";
				CODE_SIGN_STYLE = Automatic;
				CURRENT_PROJECT_VERSION = 1;
				GENERATE_INFOPLIST_FILE = YES;
				MACOSX_DEPLOYMENT_TARGET = 15.1;
				MARKETING_VERSION = 1.0;
				PRODUCT_BUNDLE_IDENTIFIER = "Drunkdriver.driver-simuTests";
				PRODUCT_NAME = "$(TARGET_NAME)";
				SWIFT_EMIT_LOC_STRINGS = NO;
				SWIFT_VERSION = 5.0;
				TEST_HOST = "$(BUILT_PRODUCTS_DIR)/driver simu.app/$(BUNDLE_EXECUTABLE_FOLDER_PATH)/driver simu";
			};
			name = Release;
		};
		EA4AA4B22CEF024D00D5842E /* Debug */ = {
			isa = XCBuildConfiguration;
			buildSettings = {
				CODE_SIGN_STYLE = Automatic;
				CURRENT_PROJECT_VERSION = 1;
				GENERATE_INFOPLIST_FILE = YES;
				MARKETING_VERSION = 1.0;
				PRODUCT_BUNDLE_IDENTIFIER = "Drunkdriver.driver-simuUITests";
				PRODUCT_NAME = "$(TARGET_NAME)";
				SWIFT_EMIT_LOC_STRINGS = NO;
				SWIFT_VERSION = 5.0;
				TEST_TARGET_NAME = "driver simu";
			};
			name = Debug;
		};
		EA4AA4B32CEF024D00D5842E /* Release */ = {
			isa = XCBuildConfiguration;
			buildSettings = {
				CODE_SIGN_STYLE = Automatic;
				CURRENT_PROJECT_VERSION = 1;
				GENERATE_INFOPLIST_FILE = YES;
				MARKETING_VERSION = 1.0;
				PRODUCT_BUNDLE_IDENTIFIER = "Drunkdriver.driver-simuUITests";
				PRODUCT_NAME = "$(TARGET_NAME)";
				SWIFT_EMIT_LOC_STRINGS = NO;
				SWIFT_VERSION = 5.0;
				TEST_TARGET_NAME = "driver simu";
			};
			name = Release;
		};
/* End XCBuildConfiguration section */

/* Begin XCConfigurationList section */
		EA4AA47F2CEF024A00D5842E /* Build configuration list for PBXProject "driver simu" */ = {
			isa = XCConfigurationList;
			buildConfigurations = (
				EA4AA4A92CEF024D00D5842E /* Debug */,
				EA4AA4AA2CEF024D00D5842E /* Release */,
			);
			defaultConfigurationIsVisible = 0;
			defaultConfigurationName = Release;
		};
		EA4AA4AB2CEF024D00D5842E /* Build configuration list for PBXNativeTarget "driver simu" */ = {
			isa = XCConfigurationList;
			buildConfigurations = (
				EA4AA4AC2CEF024D00D5842E /* Debug */,
				EA4AA4AD2CEF024D00D5842E /* Release */,
			);
			defaultConfigurationIsVisible = 0;
			defaultConfigurationName = Release;
		};
		EA4AA4AE2CEF024D00D5842E /* Build configuration list for PBXNativeTarget "driver simuTests" */ = {
			isa = XCConfigurationList;
			buildConfigurations = (
				EA4AA4AF2CEF024D00D5842E /* Debug */,
				EA4AA4B02CEF024D00D5842E /* Release */,
			);
			defaultConfigurationIsVisible = 0;
			defaultConfigurationName = Release;
		};
		EA4AA4B12CEF024D00D5842E /* Build configuration list for PBXNativeTarget "driver simuUITests" */ = {
			isa = XCConfigurationList;
			buildConfigurations = (
				EA4AA4B22CEF024D00D5842E /* Debug */,
				EA4AA4B32CEF024D00D5842E /* Release */,
			);
			defaultConfigurationIsVisible = 0;
			defaultConfigurationName = Release;
		};
/* End XCConfigurationList section */
	};
	rootObject = EA4AA47C2CEF024A00D5842E /* Project object */;
}
